Microsoft Visual Studio Solution File, Format Version 12.00
# Visual Studio Version 17
VisualStudioVersion = 17.0.31912.275
MinimumVisualStudioVersion = 10.0.40219.1
Project("{8BC9CEB8-8B4A-11D0-8D11-00A0C91BC942}") = "KarutaTraining", "KarutaTraining\\KarutaTraining.vcxproj", "{7FDDCD1F-97C8-4A9E-99E9-226C7C7F6D2B}"
EndProject
Global
	GlobalSection(SolutionConfigurationPlatforms) = preSolution
		Debug|x64 = Debug|x64
		Release|x64 = Release|x64
	EndGlobalSection
	GlobalSection(ProjectConfigurationPlatforms) = postSolution
		{7FDDCD1F-97C8-4A9E-99E9-226C7C7F6D2B}.Debug|x64.ActiveCfg = Debug|x64
		{7FDDCD1F-97C8-4A9E-99E9-226C7C7F6D2B}.Debug|x64.Build.0 = Debug|x64
		{7FDDCD1F-97C8-4A9E-99E9-226C7C7F6D2B}.Release|x64.ActiveCfg = Release|x64
		{7FDDCD1F-97C8-4A9E-99E9-226C7C7F6D2B}.Release|x64.Build.0 = Release|x64
	EndGlobalSection
	GlobalSection(SolutionProperties) = preSolution
		HideSolutionNode = FALSE
	EndGlobalSection
EndGlobal
